
Microsoft Visual Studio Solution File, Format Version 12.00
# Visual Studio 15
VisualStudioVersion = 15.0.27130.2010
MinimumVisualStudioVersion = 10.0.40219.1
Project("{8BC9CEB8-8B4A-11D0-8D11-00A0C91BC942}") = "opensea-common", "..\..\..\..\opensea-common\Make\VS.2017\opensea-common\opensea-common\opensea-common.vcxproj", "{FBCBA2F1-3BF8-4A25-B815-E228E1AEDCFF}"
	ProjectSection(ProjectDependencies) = postProject
		{621B44CE-B314-4E05-B214-5DC70F2B4798} = {621B44CE-B314-4E05-B214-5DC70F2B4798}
		{153A6FE5-40A9-4C31-B0C2-1C68D2E37BEA} = {153A6FE5-40A9-4C31-B0C2-1C68D2E37BEA}
	EndProjectSection
EndProject
Project("{8BC9CEB8-8B4A-11D0-8D11-00A0C91BC942}") = "openSeaChest_LogParser", "openSeaChest_LogParser.vcxproj", "{BF10D650-ECA0-4AC3-8A7F-13B8F61C0D9D}"
	ProjectSection(ProjectDependencies) = postProject
		{621B44CE-B314-4E05-B214-5DC70F2B4798} = {621B44CE-B314-4E05-B214-5DC70F2B4798}
		{153A6FE5-40A9-4C31-B0C2-1C68D2E37BEA} = {153A6FE5-40A9-4C31-B0C2-1C68D2E37BEA}
		{FBCBA2F1-3BF8-4A25-B815-E228E1AEDCFF} = {FBCBA2F1-3BF8-4A25-B815-E228E1AEDCFF}
		{D7A121F5-30B5-4CA9-A272-3B6469FF8F46} = {D7A121F5-30B5-4CA9-A272-3B6469FF8F46}
	EndProjectSection
EndProject
Project("{8BC9CEB8-8B4A-11D0-8D11-00A0C91BC942}") = "opensea-parser", "..\..\..\..\opensea-parser\Make\VS.2017\opensea-parser\opensea-parser\opensea-parser.vcxproj", "{D7A121F5-30B5-4CA9-A272-3B6469FF8F46}"
	ProjectSection(ProjectDependencies) = postProject
		{621B44CE-B314-4E05-B214-5DC70F2B4798} = {621B44CE-B314-4E05-B214-5DC70F2B4798}
		{153A6FE5-40A9-4C31-B0C2-1C68D2E37BEA} = {153A6FE5-40A9-4C31-B0C2-1C68D2E37BEA}
		{FBCBA2F1-3BF8-4A25-B815-E228E1AEDCFF} = {FBCBA2F1-3BF8-4A25-B815-E228E1AEDCFF}
	EndProjectSection
EndProject
Project("{8BC9CEB8-8B4A-11D0-8D11-00A0C91BC942}") = "statLibJson", "..\..\..\..\libjson\VS.2017\libjson.vcxproj", "{153A6FE5-40A9-4C31-B0C2-1C68D2E37BEA}"
EndProject
Project("{8BC9CEB8-8B4A-11D0-8D11-00A0C91BC942}") = "Win_getopt", "..\..\..\..\win_getopt\VS.2017\Win_getopt.vcxproj", "{621B44CE-B314-4E05-B214-5DC70F2B4798}"
EndProject
Project("{8BC9CEB8-8B4A-11D0-8D11-00A0C91BC942}") = "openSeaChest_LogParser_FARM", "..\openSeaChest_LogParser_FARM\openSeaChest_LogParser_FARM.vcxproj", "{A41EF532-A9FA-45EF-AB94-F7C5028B10FA}"
	ProjectSection(ProjectDependencies) = postProject
		{621B44CE-B314-4E05-B214-5DC70F2B4798} = {621B44CE-B314-4E05-B214-5DC70F2B4798}
		{153A6FE5-40A9-4C31-B0C2-1C68D2E37BEA} = {153A6FE5-40A9-4C31-B0C2-1C68D2E37BEA}
		{FBCBA2F1-3BF8-4A25-B815-E228E1AEDCFF} = {FBCBA2F1-3BF8-4A25-B815-E228E1AEDCFF}
		{D7A121F5-30B5-4CA9-A272-3B6469FF8F46} = {D7A121F5-30B5-4CA9-A272-3B6469FF8F46}
	EndProjectSection
EndProject
Global
	GlobalSection(SolutionConfigurationPlatforms) = preSolution
		Debug|ARM = Debug|ARM
		Debug|ARM64 = Debug|ARM64
		Debug|x64 = Debug|x64
		Debug|x86 = Debug|x86
		Release|ARM = Release|ARM
		Release|ARM64 = Release|ARM64
		Release|x64 = Release|x64
		Release|x86 = Release|x86
		small|ARM = small|ARM
		small|ARM64 = small|ARM64
		small|x64 = small|x64
		small|x86 = small|x86
		Static-Debug|ARM = Static-Debug|ARM
		Static-Debug|ARM64 = Static-Debug|ARM64
		Static-Debug|x64 = Static-Debug|x64
		Static-Debug|x86 = Static-Debug|x86
		Static-Release|ARM = Static-Release|ARM
		Static-Release|ARM64 = Static-Release|ARM64
		Static-Release|x64 = Static-Release|x64
		Static-Release|x86 = Static-Release|x86
	EndGlobalSection
	GlobalSection(ProjectConfigurationPlatforms) = postSolution
		{FBCBA2F1-3BF8-4A25-B815-E228E1AEDCFF}.Debug|ARM.ActiveCfg = Debug|ARM
		{FBCBA2F1-3BF8-4A25-B815-E228E1AEDCFF}.Debug|ARM.Build.0 = Debug|ARM
		{FBCBA2F1-3BF8-4A25-B815-E228E1AEDCFF}.Debug|ARM64.ActiveCfg = Debug|ARM
		{FBCBA2F1-3BF8-4A25-B815-E228E1AEDCFF}.Debug|ARM64.Build.0 = Debug|ARM
		{FBCBA2F1-3BF8-4A25-B815-E228E1AEDCFF}.Debug|x64.ActiveCfg = Debug|x64
		{FBCBA2F1-3BF8-4A25-B815-E228E1AEDCFF}.Debug|x64.Build.0 = Debug|x64
		{FBCBA2F1-3BF8-4A25-B815-E228E1AEDCFF}.Debug|x86.ActiveCfg = Debug|Win32
		{FBCBA2F1-3BF8-4A25-B815-E228E1AEDCFF}.Debug|x86.Build.0 = Debug|Win32
		{FBCBA2F1-3BF8-4A25-B815-E228E1AEDCFF}.Release|ARM.ActiveCfg = Debug|ARM
		{FBCBA2F1-3BF8-4A25-B815-E228E1AEDCFF}.Release|ARM.Build.0 = Debug|ARM
		{FBCBA2F1-3BF8-4A25-B815-E228E1AEDCFF}.Release|ARM64.ActiveCfg = Debug|ARM
		{FBCBA2F1-3BF8-4A25-B815-E228E1AEDCFF}.Release|ARM64.Build.0 = Debug|ARM
		{FBCBA2F1-3BF8-4A25-B815-E228E1AEDCFF}.Release|x64.ActiveCfg = Release|x64
		{FBCBA2F1-3BF8-4A25-B815-E228E1AEDCFF}.Release|x64.Build.0 = Release|x64
		{FBCBA2F1-3BF8-4A25-B815-E228E1AEDCFF}.Release|x86.ActiveCfg = Release|Win32
		{FBCBA2F1-3BF8-4A25-B815-E228E1AEDCFF}.Release|x86.Build.0 = Release|Win32
		{FBCBA2F1-3BF8-4A25-B815-E228E1AEDCFF}.small|ARM.ActiveCfg = Debug|ARM
		{FBCBA2F1-3BF8-4A25-B815-E228E1AEDCFF}.small|ARM.Build.0 = Debug|ARM
		{FBCBA2F1-3BF8-4A25-B815-E228E1AEDCFF}.small|ARM64.ActiveCfg = Debug|ARM
		{FBCBA2F1-3BF8-4A25-B815-E228E1AEDCFF}.small|ARM64.Build.0 = Debug|ARM
		{FBCBA2F1-3BF8-4A25-B815-E228E1AEDCFF}.small|x64.ActiveCfg = Debug|ARM
		{FBCBA2F1-3BF8-4A25-B815-E228E1AEDCFF}.small|x64.Build.0 = Debug|ARM
		{FBCBA2F1-3BF8-4A25-B815-E228E1AEDCFF}.small|x86.ActiveCfg = Debug|ARM
		{FBCBA2F1-3BF8-4A25-B815-E228E1AEDCFF}.small|x86.Build.0 = Debug|ARM
		{FBCBA2F1-3BF8-4A25-B815-E228E1AEDCFF}.Static-Debug|ARM.ActiveCfg = Debug|ARM
		{FBCBA2F1-3BF8-4A25-B815-E228E1AEDCFF}.Static-Debug|ARM.Build.0 = Debug|ARM
		{FBCBA2F1-3BF8-4A25-B815-E228E1AEDCFF}.Static-Debug|ARM64.ActiveCfg = Debug|ARM
		{FBCBA2F1-3BF8-4A25-B815-E228E1AEDCFF}.Static-Debug|ARM64.Build.0 = Debug|ARM
		{FBCBA2F1-3BF8-4A25-B815-E228E1AEDCFF}.Static-Debug|x64.ActiveCfg = Static-Debug|x64
		{FBCBA2F1-3BF8-4A25-B815-E228E1AEDCFF}.Static-Debug|x64.Build.0 = Static-Debug|x64
		{FBCBA2F1-3BF8-4A25-B815-E228E1AEDCFF}.Static-Debug|x86.ActiveCfg = Static-Debug|Win32
		{FBCBA2F1-3BF8-4A25-B815-E228E1AEDCFF}.Static-Debug|x86.Build.0 = Static-Debug|Win32
		{FBCBA2F1-3BF8-4A25-B815-E228E1AEDCFF}.Static-Release|ARM.ActiveCfg = Debug|ARM
		{FBCBA2F1-3BF8-4A25-B815-E228E1AEDCFF}.Static-Release|ARM.Build.0 = Debug|ARM
		{FBCBA2F1-3BF8-4A25-B815-E228E1AEDCFF}.Static-Release|ARM64.ActiveCfg = Debug|ARM
		{FBCBA2F1-3BF8-4A25-B815-E228E1AEDCFF}.Static-Release|ARM64.Build.0 = Debug|ARM
		{FBCBA2F1-3BF8-4A25-B815-E228E1AEDCFF}.Static-Release|x64.ActiveCfg = Static-Release|x64
		{FBCBA2F1-3BF8-4A25-B815-E228E1AEDCFF}.Static-Release|x64.Build.0 = Static-Release|x64
		{FBCBA2F1-3BF8-4A25-B815-E228E1AEDCFF}.Static-Release|x86.ActiveCfg = Static-Release|Win32
		{FBCBA2F1-3BF8-4A25-B815-E228E1AEDCFF}.Static-Release|x86.Build.0 = Static-Release|Win32
		{BF10D650-ECA0-4AC3-8A7F-13B8F61C0D9D}.Debug|ARM.ActiveCfg = Debug|ARM
		{BF10D650-ECA0-4AC3-8A7F-13B8F61C0D9D}.Debug|ARM.Build.0 = Debug|ARM
		{BF10D650-ECA0-4AC3-8A7F-13B8F61C0D9D}.Debug|ARM64.ActiveCfg = Debug|ARM
		{BF10D650-ECA0-4AC3-8A7F-13B8F61C0D9D}.Debug|ARM64.Build.0 = Debug|ARM
		{BF10D650-ECA0-4AC3-8A7F-13B8F61C0D9D}.Debug|x64.ActiveCfg = Debug|x64
		{BF10D650-ECA0-4AC3-8A7F-13B8F61C0D9D}.Debug|x64.Build.0 = Debug|x64
		{BF10D650-ECA0-4AC3-8A7F-13B8F61C0D9D}.Debug|x86.ActiveCfg = Debug|Win32
		{BF10D650-ECA0-4AC3-8A7F-13B8F61C0D9D}.Debug|x86.Build.0 = Debug|Win32
		{BF10D650-ECA0-4AC3-8A7F-13B8F61C0D9D}.Release|ARM.ActiveCfg = Debug|Win32
		{BF10D650-ECA0-4AC3-8A7F-13B8F61C0D9D}.Release|ARM.Build.0 = Debug|Win32
		{BF10D650-ECA0-4AC3-8A7F-13B8F61C0D9D}.Release|ARM64.ActiveCfg = Debug|Win32
		{BF10D650-ECA0-4AC3-8A7F-13B8F61C0D9D}.Release|ARM64.Build.0 = Debug|Win32
		{BF10D650-ECA0-4AC3-8A7F-13B8F61C0D9D}.Release|x64.ActiveCfg = Release|x64
		{BF10D650-ECA0-4AC3-8A7F-13B8F61C0D9D}.Release|x64.Build.0 = Release|x64
		{BF10D650-ECA0-4AC3-8A7F-13B8F61C0D9D}.Release|x86.ActiveCfg = Release|Win32
		{BF10D650-ECA0-4AC3-8A7F-13B8F61C0D9D}.Release|x86.Build.0 = Release|Win32
		{BF10D650-ECA0-4AC3-8A7F-13B8F61C0D9D}.small|ARM.ActiveCfg = Debug|Win32
		{BF10D650-ECA0-4AC3-8A7F-13B8F61C0D9D}.small|ARM.Build.0 = Debug|Win32
		{BF10D650-ECA0-4AC3-8A7F-13B8F61C0D9D}.small|ARM64.ActiveCfg = Debug|Win32
		{BF10D650-ECA0-4AC3-8A7F-13B8F61C0D9D}.small|ARM64.Build.0 = Debug|Win32
		{BF10D650-ECA0-4AC3-8A7F-13B8F61C0D9D}.small|x64.ActiveCfg = Debug|Win32
		{BF10D650-ECA0-4AC3-8A7F-13B8F61C0D9D}.small|x64.Build.0 = Debug|Win32
		{BF10D650-ECA0-4AC3-8A7F-13B8F61C0D9D}.small|x86.ActiveCfg = Debug|Win32
		{BF10D650-ECA0-4AC3-8A7F-13B8F61C0D9D}.small|x86.Build.0 = Debug|Win32
		{BF10D650-ECA0-4AC3-8A7F-13B8F61C0D9D}.Static-Debug|ARM.ActiveCfg = Debug|Win32
		{BF10D650-ECA0-4AC3-8A7F-13B8F61C0D9D}.Static-Debug|ARM.Build.0 = Debug|Win32
		{BF10D650-ECA0-4AC3-8A7F-13B8F61C0D9D}.Static-Debug|ARM64.ActiveCfg = Debug|Win32
		{BF10D650-ECA0-4AC3-8A7F-13B8F61C0D9D}.Static-Debug|ARM64.Build.0 = Debug|Win32
		{BF10D650-ECA0-4AC3-8A7F-13B8F61C0D9D}.Static-Debug|x64.ActiveCfg = Static-Debug|x64
		{BF10D650-ECA0-4AC3-8A7F-13B8F61C0D9D}.Static-Debug|x64.Build.0 = Static-Debug|x64
		{BF10D650-ECA0-4AC3-8A7F-13B8F61C0D9D}.Static-Debug|x86.ActiveCfg = Static-Debug|Win32
		{BF10D650-ECA0-4AC3-8A7F-13B8F61C0D9D}.Static-Debug|x86.Build.0 = Static-Debug|Win32
		{BF10D650-ECA0-4AC3-8A7F-13B8F61C0D9D}.Static-Release|ARM.ActiveCfg = Debug|Win32
		{BF10D650-ECA0-4AC3-8A7F-13B8F61C0D9D}.Static-Release|ARM.Build.0 = Debug|Win32
		{BF10D650-ECA0-4AC3-8A7F-13B8F61C0D9D}.Static-Release|ARM64.ActiveCfg = Debug|Win32
		{BF10D650-ECA0-4AC3-8A7F-13B8F61C0D9D}.Static-Release|ARM64.Build.0 = Debug|Win32
		{BF10D650-ECA0-4AC3-8A7F-13B8F61C0D9D}.Static-Release|x64.ActiveCfg = Static-Release|x64
		{BF10D650-ECA0-4AC3-8A7F-13B8F61C0D9D}.Static-Release|x64.Build.0 = Static-Release|x64
		{BF10D650-ECA0-4AC3-8A7F-13B8F61C0D9D}.Static-Release|x86.ActiveCfg = Static-Release|Win32
		{BF10D650-ECA0-4AC3-8A7F-13B8F61C0D9D}.Static-Release|x86.Build.0 = Static-Release|Win32
		{D7A121F5-30B5-4CA9-A272-3B6469FF8F46}.Debug|ARM.ActiveCfg = Debug|ARM
		{D7A121F5-30B5-4CA9-A272-3B6469FF8F46}.Debug|ARM.Build.0 = Debug|ARM
		{D7A121F5-30B5-4CA9-A272-3B6469FF8F46}.Debug|ARM64.ActiveCfg = Debug|ARM
		{D7A121F5-30B5-4CA9-A272-3B6469FF8F46}.Debug|ARM64.Build.0 = Debug|ARM
		{D7A121F5-30B5-4CA9-A272-3B6469FF8F46}.Debug|x64.ActiveCfg = Debug|x64
		{D7A121F5-30B5-4CA9-A272-3B6469FF8F46}.Debug|x64.Build.0 = Debug|x64
		{D7A121F5-30B5-4CA9-A272-3B6469FF8F46}.Debug|x86.ActiveCfg = Debug|Win32
		{D7A121F5-30B5-4CA9-A272-3B6469FF8F46}.Debug|x86.Build.0 = Debug|Win32
		{D7A121F5-30B5-4CA9-A272-3B6469FF8F46}.Release|ARM.ActiveCfg = Release|Win32
		{D7A121F5-30B5-4CA9-A272-3B6469FF8F46}.Release|ARM64.ActiveCfg = Release|Win32
		{D7A121F5-30B5-4CA9-A272-3B6469FF8F46}.Release|x64.ActiveCfg = Release|x64
		{D7A121F5-30B5-4CA9-A272-3B6469FF8F46}.Release|x64.Build.0 = Release|x64
		{D7A121F5-30B5-4CA9-A272-3B6469FF8F46}.Release|x86.ActiveCfg = Release|Win32
		{D7A121F5-30B5-4CA9-A272-3B6469FF8F46}.Release|x86.Build.0 = Release|Win32
		{D7A121F5-30B5-4CA9-A272-3B6469FF8F46}.small|ARM.ActiveCfg = Release|x64
		{D7A121F5-30B5-4CA9-A272-3B6469FF8F46}.small|ARM.Build.0 = Release|x64
		{D7A121F5-30B5-4CA9-A272-3B6469FF8F46}.small|ARM64.ActiveCfg = Release|x64
		{D7A121F5-30B5-4CA9-A272-3B6469FF8F46}.small|ARM64.Build.0 = Release|x64
		{D7A121F5-30B5-4CA9-A272-3B6469FF8F46}.small|x64.ActiveCfg = Static-Release|x64
		{D7A121F5-30B5-4CA9-A272-3B6469FF8F46}.small|x64.Build.0 = Static-Release|x64
		{D7A121F5-30B5-4CA9-A272-3B6469FF8F46}.small|x86.ActiveCfg = Static-Release|Win32
		{D7A121F5-30B5-4CA9-A272-3B6469FF8F46}.small|x86.Build.0 = Static-Release|Win32
		{D7A121F5-30B5-4CA9-A272-3B6469FF8F46}.Static-Debug|ARM.ActiveCfg = Static-Debug|Win32
		{D7A121F5-30B5-4CA9-A272-3B6469FF8F46}.Static-Debug|ARM64.ActiveCfg = Static-Debug|Win32
		{D7A121F5-30B5-4CA9-A272-3B6469FF8F46}.Static-Debug|x64.ActiveCfg = Static-Debug|x64
		{D7A121F5-30B5-4CA9-A272-3B6469FF8F46}.Static-Debug|x64.Build.0 = Static-Debug|x64
		{D7A121F5-30B5-4CA9-A272-3B6469FF8F46}.Static-Debug|x86.ActiveCfg = Static-Debug|Win32
		{D7A121F5-30B5-4CA9-A272-3B6469FF8F46}.Static-Debug|x86.Build.0 = Static-Debug|Win32
		{D7A121F5-30B5-4CA9-A272-3B6469FF8F46}.Static-Release|ARM.ActiveCfg = Static-Release|Win32
		{D7A121F5-30B5-4CA9-A272-3B6469FF8F46}.Static-Release|ARM64.ActiveCfg = Static-Release|Win32
		{D7A121F5-30B5-4CA9-A272-3B6469FF8F46}.Static-Release|x64.ActiveCfg = Static-Release|x64
		{D7A121F5-30B5-4CA9-A272-3B6469FF8F46}.Static-Release|x64.Build.0 = Static-Release|x64
		{D7A121F5-30B5-4CA9-A272-3B6469FF8F46}.Static-Release|x86.ActiveCfg = Static-Release|Win32
		{D7A121F5-30B5-4CA9-A272-3B6469FF8F46}.Static-Release|x86.Build.0 = Static-Release|Win32
		{153A6FE5-40A9-4C31-B0C2-1C68D2E37BEA}.Debug|ARM.ActiveCfg = Debug|Win32
		{153A6FE5-40A9-4C31-B0C2-1C68D2E37BEA}.Debug|ARM64.ActiveCfg = Debug|Win32
		{153A6FE5-40A9-4C31-B0C2-1C68D2E37BEA}.Debug|x64.ActiveCfg = Debug|x64
		{153A6FE5-40A9-4C31-B0C2-1C68D2E37BEA}.Debug|x64.Build.0 = Debug|x64
		{153A6FE5-40A9-4C31-B0C2-1C68D2E37BEA}.Debug|x86.ActiveCfg = Debug|Win32
		{153A6FE5-40A9-4C31-B0C2-1C68D2E37BEA}.Debug|x86.Build.0 = Debug|Win32
		{153A6FE5-40A9-4C31-B0C2-1C68D2E37BEA}.Release|ARM.ActiveCfg = Release|Win32
		{153A6FE5-40A9-4C31-B0C2-1C68D2E37BEA}.Release|ARM64.ActiveCfg = Release|Win32
		{153A6FE5-40A9-4C31-B0C2-1C68D2E37BEA}.Release|x64.ActiveCfg = Release|x64
		{153A6FE5-40A9-4C31-B0C2-1C68D2E37BEA}.Release|x64.Build.0 = Release|x64
		{153A6FE5-40A9-4C31-B0C2-1C68D2E37BEA}.Release|x86.ActiveCfg = Release|Win32
		{153A6FE5-40A9-4C31-B0C2-1C68D2E37BEA}.Release|x86.Build.0 = Release|Win32
		{153A6FE5-40A9-4C31-B0C2-1C68D2E37BEA}.small|ARM.ActiveCfg = small|Win32
		{153A6FE5-40A9-4C31-B0C2-1C68D2E37BEA}.small|ARM64.ActiveCfg = small|Win32
		{153A6FE5-40A9-4C31-B0C2-1C68D2E37BEA}.small|x64.ActiveCfg = small|x64
		{153A6FE5-40A9-4C31-B0C2-1C68D2E37BEA}.small|x64.Build.0 = small|x64
		{153A6FE5-40A9-4C31-B0C2-1C68D2E37BEA}.small|x86.ActiveCfg = small|Win32
		{153A6FE5-40A9-4C31-B0C2-1C68D2E37BEA}.small|x86.Build.0 = small|Win32
		{153A6FE5-40A9-4C31-B0C2-1C68D2E37BEA}.Static-Debug|ARM.ActiveCfg = Static-Debug|Win32
		{153A6FE5-40A9-4C31-B0C2-1C68D2E37BEA}.Static-Debug|ARM64.ActiveCfg = Static-Debug|Win32
		{153A6FE5-40A9-4C31-B0C2-1C68D2E37BEA}.Static-Debug|x64.ActiveCfg = Static-Debug|x64
		{153A6FE5-40A9-4C31-B0C2-1C68D2E37BEA}.Static-Debug|x64.Build.0 = Static-Debug|x64
		{153A6FE5-40A9-4C31-B0C2-1C68D2E37BEA}.Static-Debug|x86.ActiveCfg = Static-Debug|Win32
		{153A6FE5-40A9-4C31-B0C2-1C68D2E37BEA}.Static-Debug|x86.Build.0 = Static-Debug|Win32
		{153A6FE5-40A9-4C31-B0C2-1C68D2E37BEA}.Static-Release|ARM.ActiveCfg = Static-Release|Win32
		{153A6FE5-40A9-4C31-B0C2-1C68D2E37BEA}.Static-Release|ARM64.ActiveCfg = Static-Release|Win32
		{153A6FE5-40A9-4C31-B0C2-1C68D2E37BEA}.Static-Release|x64.ActiveCfg = Static-Release|x64
		{153A6FE5-40A9-4C31-B0C2-1C68D2E37BEA}.Static-Release|x64.Build.0 = Static-Release|x64
		{153A6FE5-40A9-4C31-B0C2-1C68D2E37BEA}.Static-Release|x86.ActiveCfg = Static-Release|Win32
		{153A6FE5-40A9-4C31-B0C2-1C68D2E37BEA}.Static-Release|x86.Build.0 = Static-Release|Win32
		{621B44CE-B314-4E05-B214-5DC70F2B4798}.Debug|ARM.ActiveCfg = Debug|ARM
		{621B44CE-B314-4E05-B214-5DC70F2B4798}.Debug|ARM.Build.0 = Debug|ARM
		{621B44CE-B314-4E05-B214-5DC70F2B4798}.Debug|ARM64.ActiveCfg = Debug|ARM64
		{621B44CE-B314-4E05-B214-5DC70F2B4798}.Debug|ARM64.Build.0 = Debug|ARM64
		{621B44CE-B314-4E05-B214-5DC70F2B4798}.Debug|x64.ActiveCfg = Debug|x64
		{621B44CE-B314-4E05-B214-5DC70F2B4798}.Debug|x64.Build.0 = Debug|x64
		{621B44CE-B314-4E05-B214-5DC70F2B4798}.Debug|x86.ActiveCfg = Debug|Win32
		{621B44CE-B314-4E05-B214-5DC70F2B4798}.Debug|x86.Build.0 = Debug|Win32
		{621B44CE-B314-4E05-B214-5DC70F2B4798}.Release|ARM.ActiveCfg = Release|ARM
		{621B44CE-B314-4E05-B214-5DC70F2B4798}.Release|ARM.Build.0 = Release|ARM
		{621B44CE-B314-4E05-B214-5DC70F2B4798}.Release|ARM64.ActiveCfg = Release|ARM64
		{621B44CE-B314-4E05-B214-5DC70F2B4798}.Release|ARM64.Build.0 = Release|ARM64
		{621B44CE-B314-4E05-B214-5DC70F2B4798}.Release|x64.ActiveCfg = Release|x64
		{621B44CE-B314-4E05-B214-5DC70F2B4798}.Release|x64.Build.0 = Release|x64
		{621B44CE-B314-4E05-B214-5DC70F2B4798}.Release|x86.ActiveCfg = Release|Win32
		{621B44CE-B314-4E05-B214-5DC70F2B4798}.Release|x86.Build.0 = Release|Win32
		{621B44CE-B314-4E05-B214-5DC70F2B4798}.small|ARM.ActiveCfg = Static-Release|ARM
		{621B44CE-B314-4E05-B214-5DC70F2B4798}.small|ARM.Build.0 = Static-Release|ARM
		{621B44CE-B314-4E05-B214-5DC70F2B4798}.small|ARM64.ActiveCfg = Static-Release|ARM64
		{621B44CE-B314-4E05-B214-5DC70F2B4798}.small|ARM64.Build.0 = Static-Release|ARM64
		{621B44CE-B314-4E05-B214-5DC70F2B4798}.small|x64.ActiveCfg = Static-Release|x64
		{621B44CE-B314-4E05-B214-5DC70F2B4798}.small|x64.Build.0 = Static-Release|x64
		{621B44CE-B314-4E05-B214-5DC70F2B4798}.small|x86.ActiveCfg = Static-Release|Win32
		{621B44CE-B314-4E05-B214-5DC70F2B4798}.small|x86.Build.0 = Static-Release|Win32
		{621B44CE-B314-4E05-B214-5DC70F2B4798}.Static-Debug|ARM.ActiveCfg = Static-Debug|ARM
		{621B44CE-B314-4E05-B214-5DC70F2B4798}.Static-Debug|ARM.Build.0 = Static-Debug|ARM
		{621B44CE-B314-4E05-B214-5DC70F2B4798}.Static-Debug|ARM64.ActiveCfg = Static-Debug|ARM64
		{621B44CE-B314-4E05-B214-5DC70F2B4798}.Static-Debug|ARM64.Build.0 = Static-Debug|ARM64
		{621B44CE-B314-4E05-B214-5DC70F2B4798}.Static-Debug|x64.ActiveCfg = Static-Debug|x64
		{621B44CE-B314-4E05-B214-5DC70F2B4798}.Static-Debug|x64.Build.0 = Static-Debug|x64
		{621B44CE-B314-4E05-B214-5DC70F2B4798}.Static-Debug|x86.ActiveCfg = Static-Debug|Win32
		{621B44CE-B314-4E05-B214-5DC70F2B4798}.Static-Debug|x86.Build.0 = Static-Debug|Win32
		{621B44CE-B314-4E05-B214-5DC70F2B4798}.Static-Release|ARM.ActiveCfg = Static-Release|ARM
		{621B44CE-B314-4E05-B214-5DC70F2B4798}.Static-Release|ARM.Build.0 = Static-Release|ARM
		{621B44CE-B314-4E05-B214-5DC70F2B4798}.Static-Release|ARM64.ActiveCfg = Static-Release|ARM64
		{621B44CE-B314-4E05-B214-5DC70F2B4798}.Static-Release|ARM64.Build.0 = Static-Release|ARM64
		{621B44CE-B314-4E05-B214-5DC70F2B4798}.Static-Release|x64.ActiveCfg = Static-Release|x64
		{621B44CE-B314-4E05-B214-5DC70F2B4798}.Static-Release|x64.Build.0 = Static-Release|x64
		{621B44CE-B314-4E05-B214-5DC70F2B4798}.Static-Release|x86.ActiveCfg = Static-Release|Win32
		{621B44CE-B314-4E05-B214-5DC70F2B4798}.Static-Release|x86.Build.0 = Static-Release|Win32
		{A41EF532-A9FA-45EF-AB94-F7C5028B10FA}.Debug|ARM.ActiveCfg = Debug|Win32
		{A41EF532-A9FA-45EF-AB94-F7C5028B10FA}.Debug|ARM64.ActiveCfg = Debug|Win32
		{A41EF532-A9FA-45EF-AB94-F7C5028B10FA}.Debug|x64.ActiveCfg = Debug|x64
		{A41EF532-A9FA-45EF-AB94-F7C5028B10FA}.Debug|x64.Build.0 = Debug|x64
		{A41EF532-A9FA-45EF-AB94-F7C5028B10FA}.Debug|x86.ActiveCfg = Debug|Win32
		{A41EF532-A9FA-45EF-AB94-F7C5028B10FA}.Debug|x86.Build.0 = Debug|Win32
		{A41EF532-A9FA-45EF-AB94-F7C5028B10FA}.Release|ARM.ActiveCfg = Release|Win32
		{A41EF532-A9FA-45EF-AB94-F7C5028B10FA}.Release|ARM64.ActiveCfg = Release|Win32
		{A41EF532-A9FA-45EF-AB94-F7C5028B10FA}.Release|x64.ActiveCfg = Release|x64
		{A41EF532-A9FA-45EF-AB94-F7C5028B10FA}.Release|x64.Build.0 = Release|x64
		{A41EF532-A9FA-45EF-AB94-F7C5028B10FA}.Release|x86.ActiveCfg = Release|Win32
		{A41EF532-A9FA-45EF-AB94-F7C5028B10FA}.Release|x86.Build.0 = Release|Win32
		{A41EF532-A9FA-45EF-AB94-F7C5028B10FA}.small|ARM.ActiveCfg = Release|x64
		{A41EF532-A9FA-45EF-AB94-F7C5028B10FA}.small|ARM.Build.0 = Release|x64
		{A41EF532-A9FA-45EF-AB94-F7C5028B10FA}.small|ARM64.ActiveCfg = Release|x64
		{A41EF532-A9FA-45EF-AB94-F7C5028B10FA}.small|ARM64.Build.0 = Release|x64
		{A41EF532-A9FA-45EF-AB94-F7C5028B10FA}.small|x64.ActiveCfg = Static-Release|x64
		{A41EF532-A9FA-45EF-AB94-F7C5028B10FA}.small|x64.Build.0 = Static-Release|x64
		{A41EF532-A9FA-45EF-AB94-F7C5028B10FA}.small|x86.ActiveCfg = Static-Release|Win32
		{A41EF532-A9FA-45EF-AB94-F7C5028B10FA}.small|x86.Build.0 = Static-Release|Win32
		{A41EF532-A9FA-45EF-AB94-F7C5028B10FA}.Static-Debug|ARM.ActiveCfg = Static-Debug|Win32
		{A41EF532-A9FA-45EF-AB94-F7C5028B10FA}.Static-Debug|ARM64.ActiveCfg = Static-Debug|Win32
		{A41EF532-A9FA-45EF-AB94-F7C5028B10FA}.Static-Debug|x64.ActiveCfg = Static-Debug|x64
		{A41EF532-A9FA-45EF-AB94-F7C5028B10FA}.Static-Debug|x64.Build.0 = Static-Debug|x64
		{A41EF532-A9FA-45EF-AB94-F7C5028B10FA}.Static-Debug|x86.ActiveCfg = Static-Debug|Win32
		{A41EF532-A9FA-45EF-AB94-F7C5028B10FA}.Static-Debug|x86.Build.0 = Static-Debug|Win32
		{A41EF532-A9FA-45EF-AB94-F7C5028B10FA}.Static-Release|ARM.ActiveCfg = Static-Release|Win32
		{A41EF532-A9FA-45EF-AB94-F7C5028B10FA}.Static-Release|ARM64.ActiveCfg = Static-Release|Win32
		{A41EF532-A9FA-45EF-AB94-F7C5028B10FA}.Static-Release|x64.ActiveCfg = Static-Release|x64
		{A41EF532-A9FA-45EF-AB94-F7C5028B10FA}.Static-Release|x64.Build.0 = Static-Release|x64
		{A41EF532-A9FA-45EF-AB94-F7C5028B10FA}.Static-Release|x86.ActiveCfg = Static-Release|Win32
		{A41EF532-A9FA-45EF-AB94-F7C5028B10FA}.Static-Release|x86.Build.0 = Static-Release|Win32
	EndGlobalSection
	GlobalSection(SolutionProperties) = preSolution
		HideSolutionNode = FALSE
	EndGlobalSection
	GlobalSection(ExtensibilityGlobals) = postSolution
		SolutionGuid = {2F627F64-E2BC-4260-BCD7-4E3E924716D2}
	EndGlobalSection
EndGlobal
